
Microsoft Visual Studio Solution File, Format Version 12.00
# Visual Studio 15
VisualStudioVersion = 15.0.28307.271
MinimumVisualStudioVersion = 10.0.40219.1
Project("{9092AA53-FB77-4645-B42D-1CCCA6BD08BD}") = "NodejsWebApp1", "NodejsWebApp1\NodejsWebApp1.njsproj", "{8D579B43-0975-49E8-876D-AB3FF2112A57}"
EndProject
Global
	GlobalSection(SolutionConfigurationPlatforms) = preSolution
		Debug|Any CPU = Debug|Any CPU
		Release|Any CPU = Release|Any CPU
	EndGlobalSection
	GlobalSection(ProjectConfigurationPlatforms) = postSolution
		{8D579B43-0975-49E8-876D-AB3FF2112A57}.Debug|Any CPU.ActiveCfg = Debug|Any CPU
		{8D579B43-0975-49E8-876D-AB3FF2112A57}.Debug|Any CPU.Build.0 = Debug|Any CPU
		{8D579B43-0975-49E8-876D-AB3FF2112A57}.Release|Any CPU.ActiveCfg = Release|Any CPU
		{8D579B43-0975-49E8-876D-AB3FF2112A57}.Release|Any CPU.Build.0 = Release|Any CPU
	EndGlobalSection
	GlobalSection(SolutionProperties) = preSolution
		HideSolutionNode = FALSE
	EndGlobalSection
	GlobalSection(ExtensibilityGlobals) = postSolution
		SolutionGuid = {2A0D41D3-C321-4026-852C-DAE30CAB6A44}
	EndGlobalSection
EndGlobal
